{
  "version": 4,
  "terraform_version": "0.13.7",
  "serial": 77,
  "lineage": "a980237b-301d-6bde-3bc8-4e131808748b",
  "outputs": {},
  "resources": [
    {
      "mode": "data",
      "type": "google_kms_crypto_key_version",
      "name": "signing-key-version",
      "provider": "provider[\"registry.terraform.io/hashicorp/google-beta\"]",
      "instances": [
        {
          "schema_version": 0,
          "attributes": {
            "algorithm": "EC_SIGN_P256_SHA256",
            "crypto_key": "projects/ssci-demos/locations/global/keyRings/ring/cryptoKeys/key",
            "id": "//cloudkms.googleapis.com/v1/projects/ssci-demos/locations/global/keyRings/ring/cryptoKeys/key/cryptoKeyVersions/1",
            "name": "projects/ssci-demos/locations/global/keyRings/ring/cryptoKeys/key/cryptoKeyVersions/1",
            "protection_level": "SOFTWARE",
            "public_key": [
              {
                "algorithm": "EC_SIGN_P256_SHA256",
                "pem": "-----BEGIN PUBLIC KEY-----\nMFkwEwYHKoZIzj0CAQYIKoZIzj0DAQcDQgAEPAPAg8vfD6eWGNcmaOhb80mXVzuX\nXhbM7hkGIgubgapLW8ckIgJ/uCd9rCJATuWOes/VqRwBd3X3HM6S0ntOlQ==\n-----END PUBLIC KEY-----\n"
              }
            ],
            "state": "ENABLED",
            "version": 1
          }
        }
      ]
    },
    {
      "mode": "data",
      "type": "google_project",
      "name": "project",
      "provider": "provider[\"registry.terraform.io/hashicorp/google\"]",
      "instances": [
        {
          "schema_version": 0,
          "attributes": {
            "auto_create_network": null,
            "billing_account": "017308-F972DB-445416",
            "folder_id": "261046259366",
            "id": "projects/ssci-demos",
            "labels": {
              "firebase": "enabled",
              "generative-language": "enabled"
            },
            "name": "ssci-demos",
            "number": "897099121057",
            "org_id": "",
            "project_id": "ssci-demos",
            "skip_delete": null
          }
        }
      ]
    },
    {
      "mode": "managed",
      "type": "google_app_engine_application",
      "name": "dummy_app",
      "provider": "provider[\"registry.terraform.io/hashicorp/google\"]",
      "instances": [
        {
          "schema_version": 0,
          "attributes": {
            "app_id": "ssci-demos",
            "auth_domain": "gmail.com",
            "code_bucket": "staging.ssci-demos.appspot.com",
            "database_type": "CLOUD_FIRESTORE",
            "default_bucket": "ssci-demos.appspot.com",
            "default_hostname": "ssci-demos.uc.r.appspot.com",
            "feature_settings": [
              {
                "split_health_checks": true
              }
            ],
            "gcr_domain": "us.gcr.io",
            "iap": [],
            "id": "ssci-demos",
            "location_id": "us-central",
            "name": "apps/ssci-demos",
            "project": "ssci-demos",
            "serving_status": "SERVING",
            "timeouts": null,
            "url_dispatch_rule": []
          },
          "private": "eyJlMmJmYjczMC1lY2FhLTExZTYtOGY4OC0zNDM2M2JjN2M0YzAiOnsiY3JlYXRlIjoyNDAwMDAwMDAwMDAsInVwZGF0ZSI6MjQwMDAwMDAwMDAwfSwic2NoZW1hX3ZlcnNpb24iOiIwIn0=",
          "dependencies": [
            "google_project_service.gae"
          ]
        }
      ]
    },
    {
      "mode": "managed",
      "type": "google_cloud_run_v2_service",
      "name": "build-local",
      "provider": "provider[\"registry.terraform.io/hashicorp/google-beta\"]",
      "instances": [
        {
          "schema_version": 0,
          "attributes": {
            "annotations": {},
            "binary_authorization": [],
            "client": "",
            "client_version": "",
            "conditions": [
              {
                "execution_reason": "",
                "last_transition_time": "2024-03-18T20:01:06.576294Z",
                "message": "",
                "reason": "",
                "revision_reason": "",
                "severity": "",
                "state": "CONDITION_SUCCEEDED",
                "type": "RoutesReady"
              },
              {
                "execution_reason": "",
                "last_transition_time": "2024-03-15T18:37:00.536593Z",
                "message": "",
                "reason": "",
                "revision_reason": "",
                "severity": "",
                "state": "CONDITION_SUCCEEDED",
                "type": "ConfigurationsReady"
              }
            ],
            "create_time": "2023-05-02T22:09:01.101112Z",
            "creator": "msuozzo@google.com",
            "custom_audiences": [],
            "delete_time": "",
            "description": "",
            "etag": "\"CPi64q8GEIDmvtcC/cHJvamVjdHMvc3NjaS1kZW1vcy9sb2NhdGlvbnMvdXMtY2VudHJhbDEvc2VydmljZXMvYnVpbGQtbG9jYWw\"",
            "expire_time": "",
            "generation": "129",
            "id": "projects/ssci-demos/locations/us-central1/services/build-local",
            "ingress": "INGRESS_TRAFFIC_ALL",
            "labels": {},
            "last_modifier": "msuozzo@google.com",
            "latest_created_revision": "projects/ssci-demos/locations/us-central1/services/build-local/revisions/build-local-00129-bzh",
            "latest_ready_revision": "projects/ssci-demos/locations/us-central1/services/build-local/revisions/build-local-00129-bzh",
            "launch_stage": "GA",
            "location": "us-central1",
            "name": "build-local",
            "observed_generation": "129",
            "project": "ssci-demos",
            "reconciling": false,
            "template": [
              {
                "annotations": {},
                "containers": [
                  {
                    "args": [
                      "--debug-bucket=rebuild-debug",
                      "--git-cache-url=https://git-cache-gxbqzdyuaq-uc.a.run.app",
                      "--gateway-url=https://gateway-gxbqzdyuaq-uc.a.run.app",
                      "--user-agent=oss-rebuild+google/0.0.0"
                    ],
                    "command": [],
                    "depends_on": [],
                    "env": [],
                    "image": "gcr.io/ssci-demos/rebuilder",
                    "liveness_probe": [],
                    "name": "",
                    "ports": [
                      {
                        "container_port": 8080,
                        "name": "http1"
                      }
                    ],
                    "resources": [
                      {
                        "cpu_idle": false,
                        "limits": {
                          "cpu": "8000m",
                          "memory": "24G"
                        },
                        "startup_cpu_boost": false
                      }
                    ],
                    "startup_probe": [
                      {
                        "failure_threshold": 1,
                        "grpc": [],
                        "http_get": [],
                        "initial_delay_seconds": 0,
                        "period_seconds": 240,
                        "tcp_socket": [
                          {
                            "port": 8080
                          }
                        ],
                        "timeout_seconds": 240
                      }
                    ],
                    "volume_mounts": [],
                    "working_dir": ""
                  }
                ],
                "encryption_key": "",
                "execution_environment": "",
                "labels": {},
                "max_instance_request_concurrency": 1,
                "revision": "",
                "scaling": [
                  {
                    "max_instance_count": 100,
                    "min_instance_count": 0
                  }
                ],
                "service_account": "builder-local@ssci-demos.iam.gserviceaccount.com",
                "session_affinity": false,
                "timeout": "3540s",
                "volumes": [],
                "vpc_access": []
              }
            ],
            "terminal_condition": [
              {
                "execution_reason": "",
                "last_transition_time": "2024-03-18T20:01:06.611645Z",
                "message": "",
                "reason": "",
                "revision_reason": "",
                "severity": "",
                "state": "CONDITION_SUCCEEDED",
                "type": "Ready"
              }
            ],
            "timeouts": null,
            "traffic": [
              {
                "percent": 100,
                "revision": "",
                "tag": "",
                "type": "TRAFFIC_TARGET_ALLOCATION_TYPE_LATEST"
              }
            ],
            "traffic_statuses": [
              {
                "percent": 100,
                "revision": "",
                "tag": "",
                "type": "TRAFFIC_TARGET_ALLOCATION_TYPE_LATEST",
                "uri": ""
              }
            ],
            "uid": "c41f4410-dd10-4193-bacc-0d049923c201",
            "update_time": "2024-03-18T20:00:56.720352Z",
            "uri": "https://build-local-gxbqzdyuaq-uc.a.run.app"
          },
          "private": "eyJlMmJmYjczMC1lY2FhLTExZTYtOGY4OC0zNDM2M2JjN2M0YzAiOnsiY3JlYXRlIjoxMjAwMDAwMDAwMDAwLCJkZWxldGUiOjEyMDAwMDAwMDAwMDAsInVwZGF0ZSI6MTIwMDAwMDAwMDAwMH19",
          "dependencies": [
            "google_cloud_run_v2_service.gateway",
            "google_cloud_run_v2_service.git-cache",
            "google_service_account.builder-local",
            "google_service_account.git-cache",
            "google_storage_bucket.debug",
            "google_storage_bucket.git-cache"
          ]
        }
      ]
    },
    {
      "mode": "managed",
      "type": "google_cloud_run_v2_service",
      "name": "gateway",
      "provider": "provider[\"registry.terraform.io/hashicorp/google-beta\"]",
      "instances": [
        {
          "schema_version": 0,
          "attributes": {
            "annotations": {},
            "binary_authorization": [],
            "client": "",
            "client_version": "",
            "conditions": [
              {
                "execution_reason": "",
                "last_transition_time": "2024-03-19T01:11:27.217754Z",
                "message": "",
                "reason": "",
                "revision_reason": "",
                "severity": "",
                "state": "CONDITION_SUCCEEDED",
                "type": "RoutesReady"
              },
              {
                "execution_reason": "",
                "last_transition_time": "2024-03-18T19:04:31.758252Z",
                "message": "",
                "reason": "",
                "revision_reason": "",
                "severity": "",
                "state": "CONDITION_SUCCEEDED",
                "type": "ConfigurationsReady"
              }
            ],
            "create_time": "2024-03-18T19:04:31.634153Z",
            "creator": "msuozzo@google.com",
            "custom_audiences": [],
            "delete_time": "",
            "description": "",
            "etag": "\"CLbM468GEODLspgB/cHJvamVjdHMvc3NjaS1kZW1vcy9sb2NhdGlvbnMvdXMtY2VudHJhbDEvc2VydmljZXMvZ2F0ZXdheQ\"",
            "expire_time": "",
            "generation": "4",
            "id": "projects/ssci-demos/locations/us-central1/services/gateway",
            "ingress": "INGRESS_TRAFFIC_ALL",
            "labels": {},
            "last_modifier": "msuozzo@google.com",
            "latest_created_revision": "projects/ssci-demos/locations/us-central1/services/gateway/revisions/gateway-00004-47n",
            "latest_ready_revision": "projects/ssci-demos/locations/us-central1/services/gateway/revisions/gateway-00004-47n",
            "launch_stage": "GA",
            "location": "us-central1",
            "name": "gateway",
            "observed_generation": "4",
            "project": "ssci-demos",
            "reconciling": false,
            "template": [
              {
                "annotations": {},
                "containers": [
                  {
                    "args": [],
                    "command": [],
                    "depends_on": [],
                    "env": [],
                    "image": "gcr.io/ssci-demos/gateway",
                    "liveness_probe": [],
                    "name": "",
                    "ports": [
                      {
                        "container_port": 8080,
                        "name": "http1"
                      }
                    ],
                    "resources": [
                      {
                        "cpu_idle": false,
                        "limits": {
                          "cpu": "1000m",
                          "memory": "2G"
                        },
                        "startup_cpu_boost": false
                      }
                    ],
                    "startup_probe": [
                      {
                        "failure_threshold": 1,
                        "grpc": [],
                        "http_get": [],
                        "initial_delay_seconds": 0,
                        "period_seconds": 240,
                        "tcp_socket": [
                          {
                            "port": 8080
                          }
                        ],
                        "timeout_seconds": 240
                      }
                    ],
                    "volume_mounts": [],
                    "working_dir": ""
                  }
                ],
                "encryption_key": "",
                "execution_environment": "",
                "labels": {},
                "max_instance_request_concurrency": 360,
                "revision": "",
                "scaling": [
                  {
                    "max_instance_count": 1,
                    "min_instance_count": 0
                  }
                ],
                "service_account": "gateway@ssci-demos.iam.gserviceaccount.com",
                "session_affinity": false,
                "timeout": "300s",
                "volumes": [],
                "vpc_access": []
              }
            ],
            "terminal_condition": [
              {
                "execution_reason": "",
                "last_transition_time": "2024-03-19T01:11:27.261553Z",
                "message": "",
                "reason": "",
                "revision_reason": "",
                "severity": "",
                "state": "CONDITION_SUCCEEDED",
                "type": "Ready"
              }
            ],
            "timeouts": null,
            "traffic": [
              {
                "percent": 100,
                "revision": "",
                "tag": "",
                "type": "TRAFFIC_TARGET_ALLOCATION_TYPE_LATEST"
              }
            ],
            "traffic_statuses": [
              {
                "percent": 100,
                "revision": "",
                "tag": "",
                "type": "TRAFFIC_TARGET_ALLOCATION_TYPE_LATEST",
                "uri": ""
              }
            ],
            "uid": "d02d33c2-8acc-47ee-a05a-3ad53df2d261",
            "update_time": "2024-03-19T01:11:18.319596Z",
            "uri": "https://gateway-gxbqzdyuaq-uc.a.run.app"
          },
          "private": "eyJlMmJmYjczMC1lY2FhLTExZTYtOGY4OC0zNDM2M2JjN2M0YzAiOnsiY3JlYXRlIjoxMjAwMDAwMDAwMDAwLCJkZWxldGUiOjEyMDAwMDAwMDAwMDAsInVwZGF0ZSI6MTIwMDAwMDAwMDAwMH19",
          "dependencies": [
            "google_service_account.gateway"
          ]
        }
      ]
    },
    {
      "mode": "managed",
      "type": "google_cloud_run_v2_service",
      "name": "git-cache",
      "provider": "provider[\"registry.terraform.io/hashicorp/google-beta\"]",
      "instances": [
        {
          "schema_version": 0,
          "attributes": {
            "annotations": {},
            "binary_authorization": [],
            "client": "",
            "client_version": "",
            "conditions": [
              {
                "execution_reason": "",
                "last_transition_time": "2024-03-18T20:00:47.909862Z",
                "message": "",
                "reason": "",
                "revision_reason": "",
                "severity": "",
                "state": "CONDITION_SUCCEEDED",
                "type": "RoutesReady"
              },
              {
                "execution_reason": "",
                "last_transition_time": "2023-10-03T23:52:57.770956Z",
                "message": "",
                "reason": "",
                "revision_reason": "",
                "severity": "",
                "state": "CONDITION_SUCCEEDED",
                "type": "ConfigurationsReady"
              }
            ],
            "create_time": "2023-09-25T03:05:20.534173Z",
            "creator": "msuozzo@google.com",
            "custom_audiences": [],
            "delete_time": "",
            "description": "",
            "etag": "\"CNi64q8GEJDT07wD/cHJvamVjdHMvc3NjaS1kZW1vcy9sb2NhdGlvbnMvdXMtY2VudHJhbDEvc2VydmljZXMvZ2l0LWNhY2hl\"",
            "expire_time": "",
            "generation": "27",
            "id": "projects/ssci-demos/locations/us-central1/services/git-cache",
            "ingress": "INGRESS_TRAFFIC_ALL",
            "labels": {},
            "last_modifier": "msuozzo@google.com",
            "latest_created_revision": "projects/ssci-demos/locations/us-central1/services/git-cache/revisions/git-cache-00027-cmg",
            "latest_ready_revision": "projects/ssci-demos/locations/us-central1/services/git-cache/revisions/git-cache-00027-cmg",
            "launch_stage": "GA",
            "location": "us-central1",
            "name": "git-cache",
            "observed_generation": "27",
            "project": "ssci-demos",
            "reconciling": false,
            "template": [
              {
                "annotations": {},
                "containers": [
                  {
                    "args": [
                      "--bucket=rebuild-git-cache"
                    ],
                    "command": [],
                    "depends_on": [],
                    "env": [],
                    "image": "gcr.io/ssci-demos/git_cache",
                    "liveness_probe": [],
                    "name": "",
                    "ports": [
                      {
                        "container_port": 8080,
                        "name": "http1"
                      }
                    ],
                    "resources": [
                      {
                        "cpu_idle": false,
                        "limits": {
                          "cpu": "1000m",
                          "memory": "2G"
                        },
                        "startup_cpu_boost": false
                      }
                    ],
                    "startup_probe": [
                      {
                        "failure_threshold": 1,
                        "grpc": [],
                        "http_get": [],
                        "initial_delay_seconds": 0,
                        "period_seconds": 240,
                        "tcp_socket": [
                          {
                            "port": 8080
                          }
                        ],
                        "timeout_seconds": 240
                      }
                    ],
                    "volume_mounts": [],
                    "working_dir": ""
                  }
                ],
                "encryption_key": "",
                "execution_environment": "",
                "labels": {},
                "max_instance_request_concurrency": 1,
                "revision": "",
                "scaling": [
                  {
                    "max_instance_count": 100,
                    "min_instance_count": 0
                  }
                ],
                "service_account": "git-cache@ssci-demos.iam.gserviceaccount.com",
                "session_affinity": false,
                "timeout": "120s",
                "volumes": [],
                "vpc_access": []
              }
            ],
            "terminal_condition": [
              {
                "execution_reason": "",
                "last_transition_time": "2024-03-18T20:00:47.955303Z",
                "message": "",
                "reason": "",
                "revision_reason": "",
                "severity": "",
                "state": "CONDITION_SUCCEEDED",
                "type": "Ready"
              }
            ],
            "timeouts": null,
            "traffic": [
              {
                "percent": 100,
                "revision": "",
                "tag": "",
                "type": "TRAFFIC_TARGET_ALLOCATION_TYPE_LATEST"
              }
            ],
            "traffic_statuses": [
              {
                "percent": 100,
                "revision": "",
                "tag": "",
                "type": "TRAFFIC_TARGET_ALLOCATION_TYPE_LATEST",
                "uri": ""
              }
            ],
            "uid": "f1ba878e-a433-4ef3-9f54-5a4b54604824",
            "update_time": "2024-03-18T20:00:24.932506Z",
            "uri": "https://git-cache-gxbqzdyuaq-uc.a.run.app"
          },
          "private": "eyJlMmJmYjczMC1lY2FhLTExZTYtOGY4OC0zNDM2M2JjN2M0YzAiOnsiY3JlYXRlIjoxMjAwMDAwMDAwMDAwLCJkZWxldGUiOjEyMDAwMDAwMDAwMDAsInVwZGF0ZSI6MTIwMDAwMDAwMDAwMH19",
          "dependencies": [
            "google_service_account.git-cache",
            "google_storage_bucket.git-cache"
          ]
        }
      ]
    },
    {
      "mode": "managed",
      "type": "google_cloud_run_v2_service",
      "name": "inference",
      "provider": "provider[\"registry.terraform.io/hashicorp/google-beta\"]",
      "instances": [
        {
          "schema_version": 0,
          "attributes": {
            "annotations": {},
            "binary_authorization": [],
            "client": "",
            "client_version": "",
            "conditions": [
              {
                "execution_reason": "",
                "last_transition_time": "2024-03-27T16:09:31.732014Z",
                "message": "",
                "reason": "",
                "revision_reason": "",
                "severity": "",
                "state": "CONDITION_SUCCEEDED",
                "type": "RoutesReady"
              },
              {
                "execution_reason": "",
                "last_transition_time": "2024-02-22T15:06:37.593781Z",
                "message": "",
                "reason": "",
                "revision_reason": "",
                "severity": "",
                "state": "CONDITION_SUCCEEDED",
                "type": "ConfigurationsReady"
              }
            ],
            "create_time": "2023-05-02T17:00:52.197439Z",
            "creator": "msuozzo@google.com",
            "custom_audiences": [],
            "delete_time": "",
            "description": "",
            "etag": "\"CLGJkbAGEPDntjs/cHJvamVjdHMvc3NjaS1kZW1vcy9sb2NhdGlvbnMvdXMtY2VudHJhbDEvc2VydmljZXMvaW5mZXJlbmNl\"",
            "expire_time": "",
            "generation": "27",
            "id": "projects/ssci-demos/locations/us-central1/services/inference",
            "ingress": "INGRESS_TRAFFIC_ALL",
            "labels": {},
            "last_modifier": "msuozzo@google.com",
            "latest_created_revision": "projects/ssci-demos/locations/us-central1/services/inference/revisions/inference-00027-5vw",
            "latest_ready_revision": "projects/ssci-demos/locations/us-central1/services/inference/revisions/inference-00027-5vw",
            "launch_stage": "GA",
            "location": "us-central1",
            "name": "inference",
            "observed_generation": "27",
            "project": "ssci-demos",
            "reconciling": false,
            "template": [
              {
                "annotations": {},
                "containers": [
                  {
                    "args": [
                      "--gateway-url=https://gateway-gxbqzdyuaq-uc.a.run.app",
                      "--user-agent=oss-rebuild+google/0.0.0"
                    ],
                    "command": [],
                    "depends_on": [],
                    "env": [],
                    "image": "gcr.io/ssci-demos/inference",
                    "liveness_probe": [],
                    "name": "",
                    "ports": [
                      {
                        "container_port": 8080,
                        "name": "http1"
                      }
                    ],
                    "resources": [
                      {
                        "cpu_idle": false,
                        "limits": {
                          "cpu": "1000m",
                          "memory": "4G"
                        },
                        "startup_cpu_boost": false
                      }
                    ],
                    "startup_probe": [
                      {
                        "failure_threshold": 1,
                        "grpc": [],
                        "http_get": [],
                        "initial_delay_seconds": 0,
                        "period_seconds": 240,
                        "tcp_socket": [
                          {
                            "port": 8080
                          }
                        ],
                        "timeout_seconds": 240
                      }
                    ],
                    "volume_mounts": [],
                    "working_dir": ""
                  }
                ],
                "encryption_key": "",
                "execution_environment": "",
                "labels": {},
                "max_instance_request_concurrency": 1,
                "revision": "",
                "scaling": [
                  {
                    "max_instance_count": 100,
                    "min_instance_count": 0
                  }
                ],
                "service_account": "inference@ssci-demos.iam.gserviceaccount.com",
                "session_affinity": false,
                "timeout": "840s",
                "volumes": [],
                "vpc_access": []
              }
            ],
            "terminal_condition": [
              {
                "execution_reason": "",
                "last_transition_time": "2024-03-27T16:09:31.773804Z",
                "message": "",
                "reason": "",
                "revision_reason": "",
                "severity": "",
                "state": "CONDITION_SUCCEEDED",
                "type": "Ready"
              }
            ],
            "timeouts": null,
            "traffic": [
              {
                "percent": 100,
                "revision": "",
                "tag": "",
                "type": "TRAFFIC_TARGET_ALLOCATION_TYPE_LATEST"
              }
            ],
            "traffic_statuses": [
              {
                "percent": 100,
                "revision": "",
                "tag": "",
                "type": "TRAFFIC_TARGET_ALLOCATION_TYPE_LATEST",
                "uri": ""
              }
            ],
            "uid": "cb65b291-dd98-4d17-a129-04afde5a05f2",
            "update_time": "2024-03-27T16:09:21.124630Z",
            "uri": "https://inference-gxbqzdyuaq-uc.a.run.app"
          },
          "private": "eyJlMmJmYjczMC1lY2FhLTExZTYtOGY4OC0zNDM2M2JjN2M0YzAiOnsiY3JlYXRlIjoxMjAwMDAwMDAwMDAwLCJkZWxldGUiOjEyMDAwMDAwMDAwMDAsInVwZGF0ZSI6MTIwMDAwMDAwMDAwMH19",
          "dependencies": [
            "google_cloud_run_v2_service.gateway",
            "google_service_account.inference"
          ]
        }
      ]
    },
    {
      "mode": "managed",
      "type": "google_cloud_run_v2_service",
      "name": "orchestrator",
      "provider": "provider[\"registry.terraform.io/hashicorp/google-beta\"]",
      "instances": [
        {
          "schema_version": 0,
          "attributes": {
            "annotations": {},
            "binary_authorization": [],
            "client": "",
            "client_version": "",
            "conditions": [
              {
                "execution_reason": "",
                "last_transition_time": "2024-03-27T16:24:26.515764Z",
                "message": "",
                "reason": "",
                "revision_reason": "",
                "severity": "",
                "state": "CONDITION_SUCCEEDED",
                "type": "RoutesReady"
              },
              {
                "execution_reason": "",
                "last_transition_time": "2024-03-15T18:39:03.283822Z",
                "message": "",
                "reason": "",
                "revision_reason": "",
                "severity": "",
                "state": "CONDITION_SUCCEEDED",
                "type": "ConfigurationsReady"
              }
            ],
            "create_time": "2023-04-18T04:39:37.780243Z",
            "creator": "msuozzo@google.com",
            "custom_audiences": [],
            "delete_time": "",
            "description": "",
            "etag": "\"CLCQkbAGEKiNnPQC/cHJvamVjdHMvc3NjaS1kZW1vcy9sb2NhdGlvbnMvdXMtY2VudHJhbDEvc2VydmljZXMvYXBp\"",
            "expire_time": "",
            "generation": "73",
            "id": "projects/ssci-demos/locations/us-central1/services/api",
            "ingress": "INGRESS_TRAFFIC_ALL",
            "labels": {},
            "last_modifier": "msuozzo@google.com",
            "latest_created_revision": "projects/ssci-demos/locations/us-central1/services/api/revisions/api-00070-7h7",
            "latest_ready_revision": "projects/ssci-demos/locations/us-central1/services/api/revisions/api-00070-7h7",
            "launch_stage": "GA",
            "location": "us-central1",
            "name": "api",
            "observed_generation": "73",
            "project": "ssci-demos",
            "reconciling": false,
            "template": [
              {
                "annotations": {},
                "containers": [
                  {
                    "args": [
                      "--project=ssci-demos",
                      "--build-local-url=https://build-local-gxbqzdyuaq-uc.a.run.app",
                      "--build-remote-identity=projects/ssci-demos/serviceAccounts/builder-remote@ssci-demos.iam.gserviceaccount.com",
                      "--inference-url=https://inference-gxbqzdyuaq-uc.a.run.app",
                      "--prebuild-bucket=fakefaketest",
                      "--signing-key-version=projects/ssci-demos/locations/global/keyRings/ring/cryptoKeys/key/cryptoKeyVersions/1",
                      "--metadata-bucket=rebuild-metadata",
                      "--provenance-bucket=rebuild-provenance",
                      "--logs-bucket=rebuild-logs",
                      "--gateway-url=https://gateway-gxbqzdyuaq-uc.a.run.app",
                      "--user-agent=oss-rebuild+google/0.0.0"
                    ],
                    "command": [],
                    "depends_on": [],
                    "env": [],
                    "image": "gcr.io/ssci-demos/api",
                    "liveness_probe": [],
                    "name": "",
                    "ports": [
                      {
                        "container_port": 8080,
                        "name": "http1"
                      }
                    ],
                    "resources": [
                      {
                        "cpu_idle": false,
                        "limits": {
                          "cpu": "1000m",
                          "memory": "1G"
                        },
                        "startup_cpu_boost": false
                      }
                    ],
                    "startup_probe": [
                      {
                        "failure_threshold": 1,
                        "grpc": [],
                        "http_get": [],
                        "initial_delay_seconds": 0,
                        "period_seconds": 240,
                        "tcp_socket": [
                          {
                            "port": 8080
                          }
                        ],
                        "timeout_seconds": 240
                      }
                    ],
                    "volume_mounts": [],
                    "working_dir": ""
                  }
                ],
                "encryption_key": "",
                "execution_environment": "",
                "labels": {},
                "max_instance_request_concurrency": 1,
                "revision": "",
                "scaling": [
                  {
                    "max_instance_count": 100,
                    "min_instance_count": 0
                  }
                ],
                "service_account": "orchestrator@ssci-demos.iam.gserviceaccount.com",
                "session_affinity": false,
                "timeout": "3540s",
                "volumes": [],
                "vpc_access": []
              }
            ],
            "terminal_condition": [
              {
                "execution_reason": "",
                "last_transition_time": "2024-03-27T16:24:26.564120Z",
                "message": "",
                "reason": "",
                "revision_reason": "",
                "severity": "",
                "state": "CONDITION_SUCCEEDED",
                "type": "Ready"
              }
            ],
            "timeouts": null,
            "traffic": [
              {
                "percent": 100,
                "revision": "",
                "tag": "",
                "type": "TRAFFIC_TARGET_ALLOCATION_TYPE_LATEST"
              }
            ],
            "traffic_statuses": [
              {
                "percent": 100,
                "revision": "",
                "tag": "",
                "type": "TRAFFIC_TARGET_ALLOCATION_TYPE_LATEST",
                "uri": ""
              }
            ],
            "uid": "e459c6d6-b859-4d93-a206-5c849be6385a",
            "update_time": "2024-03-27T16:24:16.780601Z",
            "uri": "https://api-gxbqzdyuaq-uc.a.run.app"
          },
          "private": "eyJlMmJmYjczMC1lY2FhLTExZTYtOGY4OC0zNDM2M2JjN2M0YzAiOnsiY3JlYXRlIjoxMjAwMDAwMDAwMDAwLCJkZWxldGUiOjEyMDAwMDAwMDAwMDAsInVwZGF0ZSI6MTIwMDAwMDAwMDAwMH19",
          "dependencies": [
            "data.google_kms_crypto_key_version.signing-key-version",
            "google_cloud_run_v2_service.build-local",
            "google_cloud_run_v2_service.gateway",
            "google_cloud_run_v2_service.inference",
            "google_service_account.builder-remote",
            "google_service_account.orchestrator",
            "google_storage_bucket.logs",
            "google_storage_bucket.metadata",
            "google_storage_bucket.provenance"
          ]
        }
      ]
    },
    {
      "mode": "managed",
      "type": "google_cloud_run_v2_service_iam_binding",
      "name": "api-and-local-build-and-inference-call-gateway",
      "provider": "provider[\"registry.terraform.io/hashicorp/google-beta\"]",
      "instances": [
        {
          "schema_version": 0,
          "attributes": {
            "condition": [],
            "etag": "BwYUptbeYVo=",
            "id": "projects/ssci-demos/locations/us-central1/services/gateway/roles/run.invoker",
            "location": "us-central1",
            "members": [
              "serviceAccount:builder-local@ssci-demos.iam.gserviceaccount.com",
              "serviceAccount:inference@ssci-demos.iam.gserviceaccount.com",
              "serviceAccount:orchestrator@ssci-demos.iam.gserviceaccount.com"
            ],
            "name": "projects/ssci-demos/locations/us-central1/services/gateway",
            "project": "ssci-demos",
            "role": "roles/run.invoker"
          },
          "private": "bnVsbA==",
          "dependencies": [
            "google_cloud_run_v2_service.gateway",
            "google_service_account.builder-local",
            "google_service_account.inference",
            "google_service_account.orchestrator"
          ]
        }
      ]
    },
    {
      "mode": "managed",
      "type": "google_cloud_run_v2_service_iam_binding",
      "name": "local-build-calls-git-cache",
      "provider": "provider[\"registry.terraform.io/hashicorp/google-beta\"]",
      "instances": [
        {
          "schema_version": 0,
          "attributes": {
            "condition": [],
            "etag": "BwYR+cberz4=",
            "id": "projects/ssci-demos/locations/us-central1/services/git-cache/roles/run.invoker",
            "location": "us-central1",
            "members": [
              "serviceAccount:builder-local@ssci-demos.iam.gserviceaccount.com"
            ],
            "name": "projects/ssci-demos/locations/us-central1/services/git-cache",
            "project": "ssci-demos",
            "role": "roles/run.invoker"
          },
          "private": "eyJzY2hlbWFfdmVyc2lvbiI6IjAifQ==",
          "dependencies": [
            "google_cloud_run_v2_service.git-cache",
            "google_service_account.builder-local",
            "google_service_account.git-cache",
            "google_storage_bucket.git-cache"
          ]
        }
      ]
    },
    {
      "mode": "managed",
      "type": "google_cloud_run_v2_service_iam_binding",
      "name": "orchestrator-calls-build-local",
      "provider": "provider[\"registry.terraform.io/hashicorp/google-beta\"]",
      "instances": [
        {
          "schema_version": 0,
          "attributes": {
            "condition": [],
            "etag": "BwYF+CjYPRk=",
            "id": "projects/ssci-demos/locations/us-central1/services/build-local/roles/run.invoker",
            "location": "us-central1",
            "members": [
              "serviceAccount:orchestrator@ssci-demos.iam.gserviceaccount.com"
            ],
            "name": "projects/ssci-demos/locations/us-central1/services/build-local",
            "project": "ssci-demos",
            "role": "roles/run.invoker"
          },
          "private": "eyJzY2hlbWFfdmVyc2lvbiI6IjAifQ==",
          "dependencies": [
            "google_cloud_run_v2_service.build-local",
            "google_cloud_run_v2_service.gateway",
            "google_cloud_run_v2_service.git-cache",
            "google_service_account.builder-local",
            "google_service_account.gateway",
            "google_service_account.git-cache",
            "google_service_account.orchestrator",
            "google_storage_bucket.debug",
            "google_storage_bucket.git-cache"
          ]
        }
      ]
    },
    {
      "mode": "managed",
      "type": "google_cloud_run_v2_service_iam_binding",
      "name": "orchestrator-calls-inference",
      "provider": "provider[\"registry.terraform.io/hashicorp/google-beta\"]",
      "instances": [
        {
          "schema_version": 0,
          "attributes": {
            "condition": [],
            "etag": "BwYR+ctHmWw=",
            "id": "projects/ssci-demos/locations/us-central1/services/inference/roles/run.invoker",
            "location": "us-central1",
            "members": [
              "serviceAccount:orchestrator@ssci-demos.iam.gserviceaccount.com"
            ],
            "name": "projects/ssci-demos/locations/us-central1/services/inference",
            "project": "ssci-demos",
            "role": "roles/run.invoker"
          },
          "private": "eyJzY2hlbWFfdmVyc2lvbiI6IjAifQ==",
          "dependencies": [
            "google_cloud_run_v2_service.inference",
            "google_service_account.inference",
            "google_service_account.orchestrator"
          ]
        }
      ]
    },
    {
      "mode": "managed",
      "type": "google_container_registry",
      "name": "registry",
      "provider": "provider[\"registry.terraform.io/hashicorp/google\"]",
      "instances": [
        {
          "schema_version": 0,
          "attributes": {
            "bucket_self_link": "https://www.googleapis.com/storage/v1/b/us.artifacts.ssci-demos.appspot.com",
            "id": "us.artifacts.ssci-demos.appspot.com",
            "location": "US",
            "project": "ssci-demos"
          },
          "private": "bnVsbA=="
        }
      ]
    },
    {
      "mode": "managed",
      "type": "google_kms_crypto_key",
      "name": "foo-key",
      "provider": "provider[\"registry.terraform.io/hashicorp/google-beta\"]",
      "instances": [
        {
          "schema_version": 1,
          "attributes": {
            "destroy_scheduled_duration": "2592000s",
            "id": "projects/ssci-demos/locations/global/keyRings/ring/cryptoKeys/foo-key",
            "import_only": false,
            "key_ring": "projects/ssci-demos/locations/global/keyRings/ring",
            "labels": {},
            "name": "foo-key",
            "purpose": "ASYMMETRIC_SIGN",
            "rotation_period": "",
            "skip_initial_version_creation": false,
            "timeouts": null,
            "version_template": [
              {
                "algorithm": "EC_SIGN_P256_SHA256",
                "protection_level": "SOFTWARE"
              }
            ]
          },
          "private": "eyJlMmJmYjczMC1lY2FhLTExZTYtOGY4OC0zNDM2M2JjN2M0YzAiOnsiY3JlYXRlIjoxMjAwMDAwMDAwMDAwLCJkZWxldGUiOjEyMDAwMDAwMDAwMDAsInVwZGF0ZSI6MTIwMDAwMDAwMDAwMH0sInNjaGVtYV92ZXJzaW9uIjoiMSJ9",
          "dependencies": [
            "google_kms_key_ring.ring"
          ]
        }
      ]
    },
    {
      "mode": "managed",
      "type": "google_kms_crypto_key",
      "name": "signing-key",
      "provider": "provider[\"registry.terraform.io/hashicorp/google-beta\"]",
      "instances": [
        {
          "schema_version": 1,
          "attributes": {
            "destroy_scheduled_duration": "86400s",
            "id": "projects/ssci-demos/locations/global/keyRings/ring/cryptoKeys/key",
            "import_only": false,
            "key_ring": "projects/ssci-demos/locations/global/keyRings/ring",
            "labels": {},
            "name": "key",
            "purpose": "ASYMMETRIC_SIGN",
            "rotation_period": "",
            "skip_initial_version_creation": false,
            "timeouts": null,
            "version_template": [
              {
                "algorithm": "EC_SIGN_P256_SHA256",
                "protection_level": "SOFTWARE"
              }
            ]
          },
          "private": "eyJlMmJmYjczMC1lY2FhLTExZTYtOGY4OC0zNDM2M2JjN2M0YzAiOnsiY3JlYXRlIjoxMjAwMDAwMDAwMDAwLCJkZWxldGUiOjEyMDAwMDAwMDAwMDAsInVwZGF0ZSI6MTIwMDAwMDAwMDAwMH0sInNjaGVtYV92ZXJzaW9uIjoiMSJ9",
          "dependencies": [
            "google_kms_key_ring.ring"
          ]
        }
      ]
    },
    {
      "mode": "managed",
      "type": "google_kms_crypto_key_iam_binding",
      "name": "orchestrator-reads-signing-key",
      "provider": "provider[\"registry.terraform.io/hashicorp/google\"]",
      "instances": [
        {
          "schema_version": 0,
          "attributes": {
            "condition": [],
            "crypto_key_id": "projects/ssci-demos/locations/global/keyRings/ring/cryptoKeys/key",
            "etag": "BwYR+cZeSKE=",
            "id": "projects/ssci-demos/locations/global/keyRings/ring/cryptoKeys/key/roles/cloudkms.viewer",
            "members": [
              "serviceAccount:orchestrator@ssci-demos.iam.gserviceaccount.com"
            ],
            "role": "roles/cloudkms.viewer"
          },
          "private": "eyJzY2hlbWFfdmVyc2lvbiI6IjAifQ==",
          "dependencies": [
            "google_kms_crypto_key.signing-key",
            "google_kms_key_ring.ring",
            "google_service_account.orchestrator"
          ]
        }
      ]
    },
    {
      "mode": "managed",
      "type": "google_kms_crypto_key_iam_binding",
      "name": "orchestrator-uses-signing-key",
      "provider": "provider[\"registry.terraform.io/hashicorp/google\"]",
      "instances": [
        {
          "schema_version": 0,
          "attributes": {
            "condition": [],
            "crypto_key_id": "projects/ssci-demos/locations/global/keyRings/ring/cryptoKeys/key",
            "etag": "BwYR+cZeSKE=",
            "id": "projects/ssci-demos/locations/global/keyRings/ring/cryptoKeys/key/roles/cloudkms.signerVerifier",
            "members": [
              "serviceAccount:orchestrator@ssci-demos.iam.gserviceaccount.com"
            ],
            "role": "roles/cloudkms.signerVerifier"
          },
          "private": "eyJzY2hlbWFfdmVyc2lvbiI6IjAifQ==",
          "dependencies": [
            "google_kms_crypto_key.signing-key",
            "google_kms_key_ring.ring",
            "google_service_account.orchestrator"
          ]
        }
      ]
    },
    {
      "mode": "managed",
      "type": "google_kms_key_ring",
      "name": "ring",
      "provider": "provider[\"registry.terraform.io/hashicorp/google-beta\"]",
      "instances": [
        {
          "schema_version": 0,
          "attributes": {
            "id": "projects/ssci-demos/locations/global/keyRings/ring",
            "location": "global",
            "name": "ring",
            "project": "ssci-demos",
            "timeouts": null
          },
          "private": "eyJlMmJmYjczMC1lY2FhLTExZTYtOGY4OC0zNDM2M2JjN2M0YzAiOnsiY3JlYXRlIjoxMjAwMDAwMDAwMDAwLCJkZWxldGUiOjEyMDAwMDAwMDAwMDB9LCJzY2hlbWFfdmVyc2lvbiI6IjAifQ=="
        }
      ]
    },
    {
      "mode": "managed",
      "type": "google_project_iam_binding",
      "name": "orchestrator-runs-gcb-builds",
      "provider": "provider[\"registry.terraform.io/hashicorp/google\"]",
      "instances": [
        {
          "schema_version": 0,
          "attributes": {
            "condition": [],
            "etag": "BwYT3J9xIME=",
            "id": "ssci-demos/roles/cloudbuild.builds.editor",
            "members": [
              "serviceAccount:orchestrator@ssci-demos.iam.gserviceaccount.com"
            ],
            "project": "ssci-demos",
            "role": "roles/cloudbuild.builds.editor"
          },
          "private": "eyJzY2hlbWFfdmVyc2lvbiI6IjAifQ==",
          "dependencies": [
            "google_service_account.orchestrator"
          ]
        }
      ]
    },
    {
      "mode": "managed",
      "type": "google_project_iam_binding",
      "name": "orchestrator-runs-workloads-as-others",
      "provider": "provider[\"registry.terraform.io/hashicorp/google\"]",
      "instances": [
        {
          "schema_version": 0,
          "attributes": {
            "condition": [],
            "etag": "BwYT3J9xIME=",
            "id": "ssci-demos/roles/iam.serviceAccountUser",
            "members": [
              "serviceAccount:orchestrator@ssci-demos.iam.gserviceaccount.com"
            ],
            "project": "ssci-demos",
            "role": "roles/iam.serviceAccountUser"
          },
          "private": "eyJzY2hlbWFfdmVyc2lvbiI6IjAifQ==",
          "dependencies": [
            "google_service_account.orchestrator"
          ]
        }
      ]
    },
    {
      "mode": "managed",
      "type": "google_project_iam_binding",
      "name": "orchestrator-uses-datastore",
      "provider": "provider[\"registry.terraform.io/hashicorp/google\"]",
      "instances": [
        {
          "schema_version": 0,
          "attributes": {
            "condition": [],
            "etag": "BwYT3J9xIME=",
            "id": "ssci-demos/roles/datastore.user",
            "members": [
              "serviceAccount:orchestrator@ssci-demos.iam.gserviceaccount.com"
            ],
            "project": "ssci-demos",
            "role": "roles/datastore.user"
          },
          "private": "eyJzY2hlbWFfdmVyc2lvbiI6IjAifQ==",
          "dependencies": [
            "google_service_account.orchestrator"
          ]
        }
      ]
    },
    {
      "mode": "managed",
      "type": "google_project_iam_custom_role",
      "name": "bucket-viewer-role",
      "provider": "provider[\"registry.terraform.io/hashicorp/google-beta\"]",
      "instances": [
        {
          "schema_version": 0,
          "attributes": {
            "deleted": false,
            "description": "",
            "id": "projects/ssci-demos/roles/bucketViewer",
            "name": "projects/ssci-demos/roles/bucketViewer",
            "permissions": [
              "storage.buckets.get",
              "storage.buckets.list"
            ],
            "project": "ssci-demos",
            "role_id": "bucketViewer",
            "stage": "GA",
            "title": "Bucket Viewer"
          },
          "private": "eyJzY2hlbWFfdmVyc2lvbiI6IjAifQ=="
        }
      ]
    },
    {
      "mode": "managed",
      "type": "google_project_service",
      "name": "compute",
      "provider": "provider[\"registry.terraform.io/hashicorp/google\"]",
      "instances": [
        {
          "schema_version": 0,
          "attributes": {
            "disable_dependent_services": null,
            "disable_on_destroy": true,
            "id": "ssci-demos/compute.googleapis.com",
            "project": "ssci-demos",
            "service": "compute.googleapis.com",
            "timeouts": null
          },
          "private": "eyJlMmJmYjczMC1lY2FhLTExZTYtOGY4OC0zNDM2M2JjN2M0YzAiOnsiY3JlYXRlIjoxMjAwMDAwMDAwMDAwLCJkZWxldGUiOjEyMDAwMDAwMDAwMDAsInJlYWQiOjYwMDAwMDAwMDAwMCwidXBkYXRlIjoxMjAwMDAwMDAwMDAwfX0="
        }
      ]
    },
    {
      "mode": "managed",
      "type": "google_project_service",
      "name": "gae",
      "provider": "provider[\"registry.terraform.io/hashicorp/google\"]",
      "instances": [
        {
          "schema_version": 0,
          "attributes": {
            "disable_dependent_services": null,
            "disable_on_destroy": true,
            "id": "ssci-demos/appengine.googleapis.com",
            "project": "ssci-demos",
            "service": "appengine.googleapis.com",
            "timeouts": null
          },
          "private": "eyJlMmJmYjczMC1lY2FhLTExZTYtOGY4OC0zNDM2M2JjN2M0YzAiOnsiY3JlYXRlIjoxMjAwMDAwMDAwMDAwLCJkZWxldGUiOjEyMDAwMDAwMDAwMDAsInJlYWQiOjYwMDAwMDAwMDAwMCwidXBkYXRlIjoxMjAwMDAwMDAwMDAwfX0="
        }
      ]
    },
    {
      "mode": "managed",
      "type": "google_project_service",
      "name": "run",
      "provider": "provider[\"registry.terraform.io/hashicorp/google\"]",
      "instances": [
        {
          "schema_version": 0,
          "attributes": {
            "disable_dependent_services": null,
            "disable_on_destroy": true,
            "id": "ssci-demos/run.googleapis.com",
            "project": "ssci-demos",
            "service": "run.googleapis.com",
            "timeouts": null
          },
          "private": "eyJlMmJmYjczMC1lY2FhLTExZTYtOGY4OC0zNDM2M2JjN2M0YzAiOnsiY3JlYXRlIjoxMjAwMDAwMDAwMDAwLCJkZWxldGUiOjEyMDAwMDAwMDAwMDAsInJlYWQiOjYwMDAwMDAwMDAwMCwidXBkYXRlIjoxMjAwMDAwMDAwMDAwfX0="
        }
      ]
    },
    {
      "mode": "managed",
      "type": "google_service_account",
      "name": "builder-local",
      "provider": "provider[\"registry.terraform.io/hashicorp/google\"]",
      "instances": [
        {
          "schema_version": 0,
          "attributes": {
            "account_id": "builder-local",
            "description": "Rebuild identity used to run rebuilds executed locally on the RPC service node.",
            "display_name": "",
            "email": "builder-local@ssci-demos.iam.gserviceaccount.com",
            "id": "projects/ssci-demos/serviceAccounts/builder-local@ssci-demos.iam.gserviceaccount.com",
            "name": "projects/ssci-demos/serviceAccounts/builder-local@ssci-demos.iam.gserviceaccount.com",
            "project": "ssci-demos",
            "timeouts": null,
            "unique_id": "112525411275313495607"
          },
          "private": "eyJlMmJmYjczMC1lY2FhLTExZTYtOGY4OC0zNDM2M2JjN2M0YzAiOnsiY3JlYXRlIjozMDAwMDAwMDAwMDB9LCJzY2hlbWFfdmVyc2lvbiI6IjAifQ=="
        }
      ]
    },
    {
      "mode": "managed",
      "type": "google_service_account",
      "name": "builder-remote",
      "provider": "provider[\"registry.terraform.io/hashicorp/google\"]",
      "instances": [
        {
          "schema_version": 0,
          "attributes": {
            "account_id": "builder-remote",
            "description": "Rebuild identity used to run rebuilds executed remotely from the RPC service node.",
            "display_name": "",
            "email": "builder-remote@ssci-demos.iam.gserviceaccount.com",
            "id": "projects/ssci-demos/serviceAccounts/builder-remote@ssci-demos.iam.gserviceaccount.com",
            "name": "projects/ssci-demos/serviceAccounts/builder-remote@ssci-demos.iam.gserviceaccount.com",
            "project": "ssci-demos",
            "timeouts": null,
            "unique_id": "117673653075305420945"
          },
          "private": "eyJlMmJmYjczMC1lY2FhLTExZTYtOGY4OC0zNDM2M2JjN2M0YzAiOnsiY3JlYXRlIjozMDAwMDAwMDAwMDB9LCJzY2hlbWFfdmVyc2lvbiI6IjAifQ=="
        }
      ]
    },
    {
      "mode": "managed",
      "type": "google_service_account",
      "name": "gateway",
      "provider": "provider[\"registry.terraform.io/hashicorp/google\"]",
      "instances": [
        {
          "schema_version": 0,
          "attributes": {
            "account_id": "gateway",
            "description": "Identity serving gateway endpoint.",
            "display_name": "",
            "email": "gateway@ssci-demos.iam.gserviceaccount.com",
            "id": "projects/ssci-demos/serviceAccounts/gateway@ssci-demos.iam.gserviceaccount.com",
            "name": "projects/ssci-demos/serviceAccounts/gateway@ssci-demos.iam.gserviceaccount.com",
            "project": "ssci-demos",
            "timeouts": null,
            "unique_id": "104031676199603039649"
          },
          "private": "eyJlMmJmYjczMC1lY2FhLTExZTYtOGY4OC0zNDM2M2JjN2M0YzAiOnsiY3JlYXRlIjozMDAwMDAwMDAwMDB9LCJzY2hlbWFfdmVyc2lvbiI6IjAifQ=="
        }
      ]
    },
    {
      "mode": "managed",
      "type": "google_service_account",
      "name": "git-cache",
      "provider": "provider[\"registry.terraform.io/hashicorp/google\"]",
      "instances": [
        {
          "schema_version": 0,
          "attributes": {
            "account_id": "git-cache",
            "description": "Identity serving git-cache endpoint.",
            "display_name": "",
            "email": "git-cache@ssci-demos.iam.gserviceaccount.com",
            "id": "projects/ssci-demos/serviceAccounts/git-cache@ssci-demos.iam.gserviceaccount.com",
            "name": "projects/ssci-demos/serviceAccounts/git-cache@ssci-demos.iam.gserviceaccount.com",
            "project": "ssci-demos",
            "timeouts": null,
            "unique_id": "100230374393334293686"
          },
          "private": "eyJlMmJmYjczMC1lY2FhLTExZTYtOGY4OC0zNDM2M2JjN2M0YzAiOnsiY3JlYXRlIjozMDAwMDAwMDAwMDB9LCJzY2hlbWFfdmVyc2lvbiI6IjAifQ=="
        }
      ]
    },
    {
      "mode": "managed",
      "type": "google_service_account",
      "name": "inference",
      "provider": "provider[\"registry.terraform.io/hashicorp/google\"]",
      "instances": [
        {
          "schema_version": 0,
          "attributes": {
            "account_id": "inference",
            "description": "Identity serving inference-only endpoints.",
            "display_name": "",
            "email": "inference@ssci-demos.iam.gserviceaccount.com",
            "id": "projects/ssci-demos/serviceAccounts/inference@ssci-demos.iam.gserviceaccount.com",
            "name": "projects/ssci-demos/serviceAccounts/inference@ssci-demos.iam.gserviceaccount.com",
            "project": "ssci-demos",
            "timeouts": null,
            "unique_id": "103234604297421987166"
          },
          "private": "eyJlMmJmYjczMC1lY2FhLTExZTYtOGY4OC0zNDM2M2JjN2M0YzAiOnsiY3JlYXRlIjozMDAwMDAwMDAwMDB9LCJzY2hlbWFfdmVyc2lvbiI6IjAifQ=="
        }
      ]
    },
    {
      "mode": "managed",
      "type": "google_service_account",
      "name": "orchestrator",
      "provider": "provider[\"registry.terraform.io/hashicorp/google\"]",
      "instances": [
        {
          "schema_version": 0,
          "attributes": {
            "account_id": "orchestrator",
            "description": "Primary API identity for the rebuilder. NOTE: This should NOT be used to run rebuilds.",
            "display_name": "",
            "email": "orchestrator@ssci-demos.iam.gserviceaccount.com",
            "id": "projects/ssci-demos/serviceAccounts/orchestrator@ssci-demos.iam.gserviceaccount.com",
            "name": "projects/ssci-demos/serviceAccounts/orchestrator@ssci-demos.iam.gserviceaccount.com",
            "project": "ssci-demos",
            "timeouts": null,
            "unique_id": "102292238891147825399"
          },
          "private": "eyJlMmJmYjczMC1lY2FhLTExZTYtOGY4OC0zNDM2M2JjN2M0YzAiOnsiY3JlYXRlIjozMDAwMDAwMDAwMDB9LCJzY2hlbWFfdmVyc2lvbiI6IjAifQ=="
        }
      ]
    },
    {
      "mode": "managed",
      "type": "google_storage_bucket",
      "name": "debug",
      "provider": "provider[\"registry.terraform.io/hashicorp/google\"]",
      "instances": [
        {
          "schema_version": 0,
          "attributes": {
            "bucket_policy_only": true,
            "cors": [],
            "default_event_based_hold": false,
            "encryption": [],
            "force_destroy": false,
            "id": "rebuild-debug",
            "labels": {},
            "lifecycle_rule": [],
            "location": "US-CENTRAL1",
            "logging": [],
            "name": "rebuild-debug",
            "project": "ssci-demos",
            "requester_pays": false,
            "retention_policy": [],
            "self_link": "https://www.googleapis.com/storage/v1/b/rebuild-debug",
            "storage_class": "STANDARD",
            "uniform_bucket_level_access": true,
            "url": "gs://rebuild-debug",
            "versioning": [],
            "website": []
          },
          "private": "eyJzY2hlbWFfdmVyc2lvbiI6IjAifQ=="
        }
      ]
    },
    {
      "mode": "managed",
      "type": "google_storage_bucket",
      "name": "git-cache",
      "provider": "provider[\"registry.terraform.io/hashicorp/google\"]",
      "instances": [
        {
          "schema_version": 0,
          "attributes": {
            "bucket_policy_only": true,
            "cors": [],
            "default_event_based_hold": false,
            "encryption": [],
            "force_destroy": false,
            "id": "rebuild-git-cache",
            "labels": {},
            "lifecycle_rule": [],
            "location": "US-CENTRAL1",
            "logging": [],
            "name": "rebuild-git-cache",
            "project": "ssci-demos",
            "requester_pays": false,
            "retention_policy": [],
            "self_link": "https://www.googleapis.com/storage/v1/b/rebuild-git-cache",
            "storage_class": "STANDARD",
            "uniform_bucket_level_access": true,
            "url": "gs://rebuild-git-cache",
            "versioning": [],
            "website": []
          },
          "private": "eyJzY2hlbWFfdmVyc2lvbiI6IjAifQ=="
        }
      ]
    },
    {
      "mode": "managed",
      "type": "google_storage_bucket",
      "name": "logs",
      "provider": "provider[\"registry.terraform.io/hashicorp/google\"]",
      "instances": [
        {
          "schema_version": 0,
          "attributes": {
            "bucket_policy_only": true,
            "cors": [],
            "default_event_based_hold": false,
            "encryption": [],
            "force_destroy": false,
            "id": "rebuild-logs",
            "labels": {},
            "lifecycle_rule": [],
            "location": "US-CENTRAL1",
            "logging": [],
            "name": "rebuild-logs",
            "project": "ssci-demos",
            "requester_pays": false,
            "retention_policy": [],
            "self_link": "https://www.googleapis.com/storage/v1/b/rebuild-logs",
            "storage_class": "STANDARD",
            "uniform_bucket_level_access": true,
            "url": "gs://rebuild-logs",
            "versioning": [],
            "website": []
          },
          "private": "eyJzY2hlbWFfdmVyc2lvbiI6IjAifQ=="
        }
      ]
    },
    {
      "mode": "managed",
      "type": "google_storage_bucket",
      "name": "metadata",
      "provider": "provider[\"registry.terraform.io/hashicorp/google\"]",
      "instances": [
        {
          "schema_version": 0,
          "attributes": {
            "bucket_policy_only": true,
            "cors": [],
            "default_event_based_hold": false,
            "encryption": [],
            "force_destroy": false,
            "id": "rebuild-metadata",
            "labels": {},
            "lifecycle_rule": [],
            "location": "US-CENTRAL1",
            "logging": [],
            "name": "rebuild-metadata",
            "project": "ssci-demos",
            "requester_pays": false,
            "retention_policy": [],
            "self_link": "https://www.googleapis.com/storage/v1/b/rebuild-metadata",
            "storage_class": "STANDARD",
            "uniform_bucket_level_access": true,
            "url": "gs://rebuild-metadata",
            "versioning": [],
            "website": []
          },
          "private": "eyJzY2hlbWFfdmVyc2lvbiI6IjAifQ=="
        }
      ]
    },
    {
      "mode": "managed",
      "type": "google_storage_bucket",
      "name": "provenance",
      "provider": "provider[\"registry.terraform.io/hashicorp/google\"]",
      "instances": [
        {
          "schema_version": 0,
          "attributes": {
            "bucket_policy_only": true,
            "cors": [],
            "default_event_based_hold": false,
            "encryption": [],
            "force_destroy": false,
            "id": "rebuild-provenance",
            "labels": {},
            "lifecycle_rule": [],
            "location": "US-CENTRAL1",
            "logging": [],
            "name": "rebuild-provenance",
            "project": "ssci-demos",
            "requester_pays": false,
            "retention_policy": [],
            "self_link": "https://www.googleapis.com/storage/v1/b/rebuild-provenance",
            "storage_class": "STANDARD",
            "uniform_bucket_level_access": true,
            "url": "gs://rebuild-provenance",
            "versioning": [],
            "website": []
          },
          "private": "eyJzY2hlbWFfdmVyc2lvbiI6IjAifQ=="
        }
      ]
    },
    {
      "mode": "managed",
      "type": "google_storage_bucket_iam_binding",
      "name": "git-cache-manages-git-cache",
      "provider": "provider[\"registry.terraform.io/hashicorp/google\"]",
      "instances": [
        {
          "schema_version": 0,
          "attributes": {
            "bucket": "b/rebuild-git-cache",
            "condition": [],
            "etag": "CAc=",
            "id": "b/rebuild-git-cache/roles/storage.objectAdmin",
            "members": [
              "serviceAccount:git-cache@ssci-demos.iam.gserviceaccount.com"
            ],
            "role": "roles/storage.objectAdmin"
          },
          "private": "eyJzY2hlbWFfdmVyc2lvbiI6IjAifQ==",
          "dependencies": [
            "google_service_account.git-cache",
            "google_storage_bucket.git-cache"
          ]
        }
      ]
    },
    {
      "mode": "managed",
      "type": "google_storage_bucket_iam_binding",
      "name": "local-build-reads-git-cache",
      "provider": "provider[\"registry.terraform.io/hashicorp/google\"]",
      "instances": [
        {
          "schema_version": 0,
          "attributes": {
            "bucket": "b/rebuild-git-cache",
            "condition": [],
            "etag": "CAc=",
            "id": "b/rebuild-git-cache/roles/storage.objectViewer",
            "members": [
              "serviceAccount:builder-local@ssci-demos.iam.gserviceaccount.com"
            ],
            "role": "roles/storage.objectViewer"
          },
          "private": "eyJzY2hlbWFfdmVyc2lvbiI6IjAifQ==",
          "dependencies": [
            "google_service_account.builder-local",
            "google_storage_bucket.git-cache"
          ]
        }
      ]
    },
    {
      "mode": "managed",
      "type": "google_storage_bucket_iam_binding",
      "name": "local-build-writes-debug",
      "provider": "provider[\"registry.terraform.io/hashicorp/google\"]",
      "instances": [
        {
          "schema_version": 0,
          "attributes": {
            "bucket": "b/rebuild-debug",
            "condition": [],
            "etag": "CAM=",
            "id": "b/rebuild-debug/roles/storage.objectCreator",
            "members": [
              "serviceAccount:builder-local@ssci-demos.iam.gserviceaccount.com"
            ],
            "role": "roles/storage.objectCreator"
          },
          "private": "eyJzY2hlbWFfdmVyc2lvbiI6IjAifQ==",
          "dependencies": [
            "google_service_account.builder-local",
            "google_storage_bucket.debug"
          ]
        }
      ]
    },
    {
      "mode": "managed",
      "type": "google_storage_bucket_iam_binding",
      "name": "orchestrator-manages-metadata",
      "provider": "provider[\"registry.terraform.io/hashicorp/google\"]",
      "instances": [
        {
          "schema_version": 0,
          "attributes": {
            "bucket": "b/rebuild-metadata",
            "condition": [],
            "etag": "CCA=",
            "id": "b/rebuild-metadata/roles/storage.objectAdmin",
            "members": [
              "serviceAccount:orchestrator@ssci-demos.iam.gserviceaccount.com"
            ],
            "role": "roles/storage.objectAdmin"
          },
          "private": "eyJzY2hlbWFfdmVyc2lvbiI6IjAifQ==",
          "dependencies": [
            "google_service_account.orchestrator",
            "google_storage_bucket.metadata"
          ]
        }
      ]
    },
    {
      "mode": "managed",
      "type": "google_storage_bucket_iam_binding",
      "name": "orchestrator-manages-provenance",
      "provider": "provider[\"registry.terraform.io/hashicorp/google\"]",
      "instances": [
        {
          "schema_version": 0,
          "attributes": {
            "bucket": "b/rebuild-provenance",
            "condition": [],
            "etag": "CB0=",
            "id": "b/rebuild-provenance/roles/storage.objectAdmin",
            "members": [
              "serviceAccount:orchestrator@ssci-demos.iam.gserviceaccount.com"
            ],
            "role": "roles/storage.objectAdmin"
          },
          "private": "eyJzY2hlbWFfdmVyc2lvbiI6IjAifQ==",
          "dependencies": [
            "google_service_account.orchestrator",
            "google_storage_bucket.provenance"
          ]
        }
      ]
    },
    {
      "mode": "managed",
      "type": "google_storage_bucket_iam_binding",
      "name": "orchestrator-writes-provenance",
      "provider": "provider[\"registry.terraform.io/hashicorp/google\"]",
      "instances": [
        {
          "schema_version": 0,
          "attributes": {
            "bucket": "b/rebuild-provenance",
            "condition": [],
            "etag": "CB0=",
            "id": "b/rebuild-provenance/roles/storage.objectCreator",
            "members": [
              "serviceAccount:orchestrator@ssci-demos.iam.gserviceaccount.com"
            ],
            "role": "roles/storage.objectCreator"
          },
          "private": "eyJzY2hlbWFfdmVyc2lvbiI6IjAifQ==",
          "dependencies": [
            "google_service_account.orchestrator",
            "google_storage_bucket.provenance"
          ]
        }
      ]
    },
    {
      "mode": "managed",
      "type": "google_storage_bucket_iam_binding",
      "name": "remote-build-uses-logs",
      "provider": "provider[\"registry.terraform.io/hashicorp/google\"]",
      "instances": [
        {
          "schema_version": 0,
          "attributes": {
            "bucket": "b/rebuild-logs",
            "condition": [],
            "etag": "CC0=",
            "id": "b/rebuild-logs/roles/storage.objectUser",
            "members": [
              "serviceAccount:builder-remote@ssci-demos.iam.gserviceaccount.com"
            ],
            "role": "roles/storage.objectUser"
          },
          "private": "eyJzY2hlbWFfdmVyc2lvbiI6IjAifQ==",
          "dependencies": [
            "google_service_account.builder-remote",
            "google_storage_bucket.logs"
          ]
        }
      ]
    },
    {
      "mode": "managed",
      "type": "google_storage_bucket_iam_binding",
      "name": "remote-build-views-logs-bucket",
      "provider": "provider[\"registry.terraform.io/hashicorp/google\"]",
      "instances": [
        {
          "schema_version": 0,
          "attributes": {
            "bucket": "b/rebuild-logs",
            "condition": [],
            "etag": "CC0=",
            "id": "b/rebuild-logs/projects/ssci-demos/roles/bucketViewer",
            "members": [
              "serviceAccount:builder-remote@ssci-demos.iam.gserviceaccount.com"
            ],
            "role": "projects/ssci-demos/roles/bucketViewer"
          },
          "private": "bnVsbA==",
          "dependencies": [
            "google_project_iam_custom_role.bucket-viewer-role",
            "google_service_account.builder-remote",
            "google_storage_bucket.logs"
          ]
        }
      ]
    },
    {
      "mode": "managed",
      "type": "google_storage_bucket_iam_binding",
      "name": "remote-build-writes-metadata",
      "provider": "provider[\"registry.terraform.io/hashicorp/google\"]",
      "instances": [
        {
          "schema_version": 0,
          "attributes": {
            "bucket": "b/rebuild-metadata",
            "condition": [],
            "etag": "CCA=",
            "id": "b/rebuild-metadata/roles/storage.objectCreator",
            "members": [
              "serviceAccount:builder-remote@ssci-demos.iam.gserviceaccount.com"
            ],
            "role": "roles/storage.objectCreator"
          },
          "private": "eyJzY2hlbWFfdmVyc2lvbiI6IjAifQ==",
          "dependencies": [
            "google_service_account.builder-remote",
            "google_storage_bucket.metadata"
          ]
        }
      ]
    }
  ]
}
